PODS:
  - Flutter (1.0.0)
  - integration_test (0.0.1):
    - Flutter
  - onnxruntime-c (1.17.1)
  - onnxruntime-objc (1.17.1):
    - onnxruntime-objc/Core (= 1.17.1)
  - onnxruntime-objc/Core (1.17.1):
    - onnxruntime-c (= 1.17.1)
  - path_provider_foundation (0.0.1):
    - Flutter
    - FlutterMacOS

DEPENDENCIES:
  - Flutter (from `Flutter`)
  - integration_test (from `.symlinks/plugins/integration_test/ios`)
  - onnxruntime-objc (= 1.17.1)
  - path_provider_foundation (from `.symlinks/plugins/path_provider_foundation/darwin`)

SPEC REPOS:
  trunk:
    - onnxruntime-c
    - onnxruntime-objc

EXTERNAL SOURCES:
  Flutter:
    :path: Flutter
  integration_test:
    :path: ".symlinks/plugins/integration_test/ios"
  path_provider_foundation:
    :path: ".symlinks/plugins/path_provider_foundation/darwin"

SPEC CHECKSUMS:
  Flutter: cabc95a1d2626b1b06e7179b784ebcf0c0cde467
  integration_test: 4a889634ef21a45d28d50d622cf412dc6d9f586e
  onnxruntime-c: 58803cb3fcc1fb0a7baa9b16b2bad119d6e3eb78
  onnxruntime-objc: 089530244113a131305642b7e03fa6f8a9ee9ae6
  path_provider_foundation: bb55f6dbba17d0dccd6737fe6f7f34fbd0376880

PODFILE CHECKSUM: a5394fb41b37e0dda11e12d1418078d9d68c0839

COCOAPODS: 1.16.2
