PODS:
  - Flutter (1.0.0)
  - onnxruntime-c (1.17.3)
  - onnxruntime-objc (1.17.3):
    - onnxruntime-objc/Core (= 1.17.3)
  - onnxruntime-objc/Core (1.17.3):
    - onnxruntime-c (= 1.17.3)
  - path_provider_foundation (0.0.1):
    - Flutter
    - FlutterMacOS
  - tts (1.0.0):
    - Flutter
    - onnxruntime-objc (~> 1.17.1)

DEPENDENCIES:
  - Flutter (from `Flutter`)
  - path_provider_foundation (from `.symlinks/plugins/path_provider_foundation/darwin`)
  - tts (from `.symlinks/plugins/tts/ios`)

SPEC REPOS:
  trunk:
    - onnxruntime-c
    - onnxruntime-objc

EXTERNAL SOURCES:
  Flutter:
    :path: Flutter
  path_provider_foundation:
    :path: ".symlinks/plugins/path_provider_foundation/darwin"
  tts:
    :path: ".symlinks/plugins/tts/ios"

SPEC CHECKSUMS:
  Flutter: cabc95a1d2626b1b06e7179b784ebcf0c0cde467
  onnxruntime-c: 065a3ed478da911448ff72612e6a0aaf4cb10fae
  onnxruntime-objc: b8be6e02f54ba28e56277d5f4574b0711507f19d
  path_provider_foundation: bb55f6dbba17d0dccd6737fe6f7f34fbd0376880
  tts: aee5583e06de922c4cb4318e1daa435c601cac80

PODFILE CHECKSUM: 0dbd5a87e0ace00c9610d2037ac22083a01f861d

COCOAPODS: 1.16.2
